
Microsoft Visual Studio Solution File, Format Version 12.00
# Visual Studio Version 16
VisualStudioVersion = 16.0.31729.503
MinimumVisualStudioVersion = 10.0.40219.1
Project("{8BC9CEB8-8B4A-11D0-8D11-00A0C91BC942}") = "Chapter01", "Chapter01\Chapter01.vcxproj", "{000D7CA7-1417-4D6A-8BA9-2CE436E33AD3}"
EndProject
Project("{8BC9CEB8-8B4A-11D0-8D11-00A0C91BC942}") = "Chapter02", "Chapter02\Chapter02.vcxproj", "{C5EDDB8B-389C-4361-8609-6D471A94E0B9}"
EndProject
Project("{8BC9CEB8-8B4A-11D0-8D11-00A0C91BC942}") = "Chapter03", "Chapter03\Chapter03.vcxproj", "{F5239DC4-C744-4B17-830F-07DE37337ADE}"
EndProject
Project("{8BC9CEB8-8B4A-11D0-8D11-00A0C91BC942}") = "Chapter04", "Chapter04\Chapter04.vcxproj", "{CAC2F986-1765-4B43-97A1-99D5E4F7F4F6}"
EndProject
Project("{8BC9CEB8-8B4A-11D0-8D11-00A0C91BC942}") = "Chapter05", "Chapter05\Chapter05.vcxproj", "{4EE850D1-77C3-42D4-9EB2-7765C0535106}"
EndProject
Project("{8BC9CEB8-8B4A-11D0-8D11-00A0C91BC942}") = "Chapter06", "Chapter06\Chapter06.vcxproj", "{790CF889-CA67-427E-9B94-ED8936D206B6}"
EndProject
Global
	GlobalSection(SolutionConfigurationPlatforms) = preSolution
		Debug|x64 = Debug|x64
		Debug|x86 = Debug|x86
		Release|x64 = Release|x64
		Release|x86 = Release|x86
	EndGlobalSection
	GlobalSection(ProjectConfigurationPlatforms) = postSolution
		{000D7CA7-1417-4D6A-8BA9-2CE436E33AD3}.Debug|x64.ActiveCfg = Debug|x64
		{000D7CA7-1417-4D6A-8BA9-2CE436E33AD3}.Debug|x64.Build.0 = Debug|x64
		{000D7CA7-1417-4D6A-8BA9-2CE436E33AD3}.Debug|x86.ActiveCfg = Debug|Win32
		{000D7CA7-1417-4D6A-8BA9-2CE436E33AD3}.Debug|x86.Build.0 = Debug|Win32
		{000D7CA7-1417-4D6A-8BA9-2CE436E33AD3}.Release|x64.ActiveCfg = Release|x64
		{000D7CA7-1417-4D6A-8BA9-2CE436E33AD3}.Release|x64.Build.0 = Release|x64
		{000D7CA7-1417-4D6A-8BA9-2CE436E33AD3}.Release|x86.ActiveCfg = Release|Win32
		{000D7CA7-1417-4D6A-8BA9-2CE436E33AD3}.Release|x86.Build.0 = Release|Win32
		{C5EDDB8B-389C-4361-8609-6D471A94E0B9}.Debug|x64.ActiveCfg = Debug|x64
		{C5EDDB8B-389C-4361-8609-6D471A94E0B9}.Debug|x64.Build.0 = Debug|x64
		{C5EDDB8B-389C-4361-8609-6D471A94E0B9}.Debug|x86.ActiveCfg = Debug|Win32
		{C5EDDB8B-389C-4361-8609-6D471A94E0B9}.Debug|x86.Build.0 = Debug|Win32
		{C5EDDB8B-389C-4361-8609-6D471A94E0B9}.Release|x64.ActiveCfg = Release|x64
		{C5EDDB8B-389C-4361-8609-6D471A94E0B9}.Release|x64.Build.0 = Release|x64
		{C5EDDB8B-389C-4361-8609-6D471A94E0B9}.Release|x86.ActiveCfg = Release|Win32
		{C5EDDB8B-389C-4361-8609-6D471A94E0B9}.Release|x86.Build.0 = Release|Win32
		{F5239DC4-C744-4B17-830F-07DE37337ADE}.Debug|x64.ActiveCfg = Debug|x64
		{F5239DC4-C744-4B17-830F-07DE37337ADE}.Debug|x64.Build.0 = Debug|x64
		{F5239DC4-C744-4B17-830F-07DE37337ADE}.Debug|x86.ActiveCfg = Debug|Win32
		{F5239DC4-C744-4B17-830F-07DE37337ADE}.Debug|x86.Build.0 = Debug|Win32
		{F5239DC4-C744-4B17-830F-07DE37337ADE}.Release|x64.ActiveCfg = Release|x64
		{F5239DC4-C744-4B17-830F-07DE37337ADE}.Release|x64.Build.0 = Release|x64
		{F5239DC4-C744-4B17-830F-07DE37337ADE}.Release|x86.ActiveCfg = Release|Win32
		{F5239DC4-C744-4B17-830F-07DE37337ADE}.Release|x86.Build.0 = Release|Win32
		{CAC2F986-1765-4B43-97A1-99D5E4F7F4F6}.Debug|x64.ActiveCfg = Debug|x64
		{CAC2F986-1765-4B43-97A1-99D5E4F7F4F6}.Debug|x64.Build.0 = Debug|x64
		{CAC2F986-1765-4B43-97A1-99D5E4F7F4F6}.Debug|x86.ActiveCfg = Debug|Win32
		{CAC2F986-1765-4B43-97A1-99D5E4F7F4F6}.Debug|x86.Build.0 = Debug|Win32
		{CAC2F986-1765-4B43-97A1-99D5E4F7F4F6}.Release|x64.ActiveCfg = Release|x64
		{CAC2F986-1765-4B43-97A1-99D5E4F7F4F6}.Release|x64.Build.0 = Release|x64
		{CAC2F986-1765-4B43-97A1-99D5E4F7F4F6}.Release|x86.ActiveCfg = Release|Win32
		{CAC2F986-1765-4B43-97A1-99D5E4F7F4F6}.Release|x86.Build.0 = Release|Win32
		{4EE850D1-77C3-42D4-9EB2-7765C0535106}.Debug|x64.ActiveCfg = Debug|x64
		{4EE850D1-77C3-42D4-9EB2-7765C0535106}.Debug|x64.Build.0 = Debug|x64
		{4EE850D1-77C3-42D4-9EB2-7765C0535106}.Debug|x86.ActiveCfg = Debug|Win32
		{4EE850D1-77C3-42D4-9EB2-7765C0535106}.Debug|x86.Build.0 = Debug|Win32
		{4EE850D1-77C3-42D4-9EB2-7765C0535106}.Release|x64.ActiveCfg = Release|x64
		{4EE850D1-77C3-42D4-9EB2-7765C0535106}.Release|x64.Build.0 = Release|x64
		{4EE850D1-77C3-42D4-9EB2-7765C0535106}.Release|x86.ActiveCfg = Release|Win32
		{4EE850D1-77C3-42D4-9EB2-7765C0535106}.Release|x86.Build.0 = Release|Win32
		{790CF889-CA67-427E-9B94-ED8936D206B6}.Debug|x64.ActiveCfg = Debug|x64
		{790CF889-CA67-427E-9B94-ED8936D206B6}.Debug|x64.Build.0 = Debug|x64
		{790CF889-CA67-427E-9B94-ED8936D206B6}.Debug|x86.ActiveCfg = Debug|Win32
		{790CF889-CA67-427E-9B94-ED8936D206B6}.Debug|x86.Build.0 = Debug|Win32
		{790CF889-CA67-427E-9B94-ED8936D206B6}.Release|x64.ActiveCfg = Release|x64
		{790CF889-CA67-427E-9B94-ED8936D206B6}.Release|x64.Build.0 = Release|x64
		{790CF889-CA67-427E-9B94-ED8936D206B6}.Release|x86.ActiveCfg = Release|Win32
		{790CF889-CA67-427E-9B94-ED8936D206B6}.Release|x86.Build.0 = Release|Win32
	EndGlobalSection
	GlobalSection(SolutionProperties) = preSolution
		HideSolutionNode = FALSE
	EndGlobalSection
	GlobalSection(ExtensibilityGlobals) = postSolution
		SolutionGuid = {CA386910-DBFC-4D25-A8E6-A953C8536CF9}
	EndGlobalSection
EndGlobal
