
Microsoft Visual Studio Solution File, Format Version 12.00
# Visual Studio Version 16
VisualStudioVersion = 16.0.31729.503
MinimumVisualStudioVersion = 10.0.40219.1
Project("{8BC9CEB8-8B4A-11D0-8D11-00A0C91BC942}") = "Chapter01", "Chapter01\Chapter01.vcxproj", "{000D7CA7-1417-4D6A-8BA9-2CE436E33AD3}"
EndProject
Project("{8BC9CEB8-8B4A-11D0-8D11-00A0C91BC942}") = "Chapter02", "Chapter02\Chapter02.vcxproj", "{C5EDDB8B-389C-4361-8609-6D471A94E0B9}"
EndProject
Project("{8BC9CEB8-8B4A-11D0-8D11-00A0C91BC942}") = "Chapter03", "Chapter03\Chapter03.vcxproj", "{F5239DC4-C744-4B17-830F-07DE37337ADE}"
EndProject
Project("{8BC9CEB8-8B4A-11D0-8D11-00A0C91BC942}") = "Chapter04", "Chapter04\Chapter04.vcxproj", "{CAC2F986-1765-4B43-97A1-99D5E4F7F4F6}"
EndProject
Project("{8BC9CEB8-8B4A-11D0-8D11-00A0C91BC942}") = "Chapter05", "Chapter05\Chapter05.vcxproj", "{4EE850D1-77C3-42D4-9EB2-7765C0535106}"
EndProject
Project("{8BC9CEB8-8B4A-11D0-8D11-00A0C91BC942}") = "Chapter06", "Chapter06\Chapter06.vcxproj", "{790CF889-CA67-427E-9B94-ED8936D206B6}"
EndProject
Project("{8BC9CEB8-8B4A-11D0-8D11-00A0C91BC942}") = "Chapter07", "Chapter07\Chapter07.vcxproj", "{623F95E4-0FD8-4E75-8758-9D1F8C9A67C1}"
EndProject
Project("{8BC9CEB8-8B4A-11D0-8D11-00A0C91BC942}") = "Chapter08", "Chapter08\Chapter08.vcxproj", "{2713C9A4-B332-4E9C-B8B6-305A85F32CAB}"
EndProject
Project("{8BC9CEB8-8B4A-11D0-8D11-00A0C91BC942}") = "Chapter09", "Chapter09\Chapter09.vcxproj", "{FC4B65B7-CEAC-4D31-8E6F-88690C606DF9}"
EndProject
Project("{8BC9CEB8-8B4A-11D0-8D11-00A0C91BC942}") = "Chapter10", "Chapter10\Chapter10.vcxproj", "{9B8A4597-69F3-41DF-B65E-26983B96515C}"
EndProject
Project("{8BC9CEB8-8B4A-11D0-8D11-00A0C91BC942}") = "Chapter11", "Chapter11\Chapter11.vcxproj", "{2E78AE7F-76BD-458E-95A9-A2058863D1C2}"
EndProject
Project("{8BC9CEB8-8B4A-11D0-8D11-00A0C91BC942}") = "Chapter12", "Chapter12\Chapter12.vcxproj", "{033BDD0A-EBED-4A7C-840B-0423AE2EC325}"
EndProject
Project("{8BC9CEB8-8B4A-11D0-8D11-00A0C91BC942}") = "Chapter13", "Chapter13\Chapter13.vcxproj", "{431598FE-4A4C-4D37-9139-7789073909F8}"
EndProject
Project("{8BC9CEB8-8B4A-11D0-8D11-00A0C91BC942}") = "Chapter14", "Chapter14\Chapter14.vcxproj", "{6D9E738F-B9F8-447C-9B75-3D155F1ADA9F}"
EndProject
Global
	GlobalSection(SolutionConfigurationPlatforms) = preSolution
		Debug|x64 = Debug|x64
		Debug|x86 = Debug|x86
		Release|x64 = Release|x64
		Release|x86 = Release|x86
	EndGlobalSection
	GlobalSection(ProjectConfigurationPlatforms) = postSolution
		{000D7CA7-1417-4D6A-8BA9-2CE436E33AD3}.Debug|x64.ActiveCfg = Debug|x64
		{000D7CA7-1417-4D6A-8BA9-2CE436E33AD3}.Debug|x64.Build.0 = Debug|x64
		{000D7CA7-1417-4D6A-8BA9-2CE436E33AD3}.Debug|x86.ActiveCfg = Debug|Win32
		{000D7CA7-1417-4D6A-8BA9-2CE436E33AD3}.Debug|x86.Build.0 = Debug|Win32
		{000D7CA7-1417-4D6A-8BA9-2CE436E33AD3}.Release|x64.ActiveCfg = Release|x64
		{000D7CA7-1417-4D6A-8BA9-2CE436E33AD3}.Release|x64.Build.0 = Release|x64
		{000D7CA7-1417-4D6A-8BA9-2CE436E33AD3}.Release|x86.ActiveCfg = Release|Win32
		{000D7CA7-1417-4D6A-8BA9-2CE436E33AD3}.Release|x86.Build.0 = Release|Win32
		{C5EDDB8B-389C-4361-8609-6D471A94E0B9}.Debug|x64.ActiveCfg = Debug|x64
		{C5EDDB8B-389C-4361-8609-6D471A94E0B9}.Debug|x64.Build.0 = Debug|x64
		{C5EDDB8B-389C-4361-8609-6D471A94E0B9}.Debug|x86.ActiveCfg = Debug|Win32
		{C5EDDB8B-389C-4361-8609-6D471A94E0B9}.Debug|x86.Build.0 = Debug|Win32
		{C5EDDB8B-389C-4361-8609-6D471A94E0B9}.Release|x64.ActiveCfg = Release|x64
		{C5EDDB8B-389C-4361-8609-6D471A94E0B9}.Release|x64.Build.0 = Release|x64
		{C5EDDB8B-389C-4361-8609-6D471A94E0B9}.Release|x86.ActiveCfg = Release|Win32
		{C5EDDB8B-389C-4361-8609-6D471A94E0B9}.Release|x86.Build.0 = Release|Win32
		{F5239DC4-C744-4B17-830F-07DE37337ADE}.Debug|x64.ActiveCfg = Debug|x64
		{F5239DC4-C744-4B17-830F-07DE37337ADE}.Debug|x64.Build.0 = Debug|x64
		{F5239DC4-C744-4B17-830F-07DE37337ADE}.Debug|x86.ActiveCfg = Debug|Win32
		{F5239DC4-C744-4B17-830F-07DE37337ADE}.Debug|x86.Build.0 = Debug|Win32
		{F5239DC4-C744-4B17-830F-07DE37337ADE}.Release|x64.ActiveCfg = Release|x64
		{F5239DC4-C744-4B17-830F-07DE37337ADE}.Release|x64.Build.0 = Release|x64
		{F5239DC4-C744-4B17-830F-07DE37337ADE}.Release|x86.ActiveCfg = Release|Win32
		{F5239DC4-C744-4B17-830F-07DE37337ADE}.Release|x86.Build.0 = Release|Win32
		{CAC2F986-1765-4B43-97A1-99D5E4F7F4F6}.Debug|x64.ActiveCfg = Debug|x64
		{CAC2F986-1765-4B43-97A1-99D5E4F7F4F6}.Debug|x64.Build.0 = Debug|x64
		{CAC2F986-1765-4B43-97A1-99D5E4F7F4F6}.Debug|x86.ActiveCfg = Debug|Win32
		{CAC2F986-1765-4B43-97A1-99D5E4F7F4F6}.Debug|x86.Build.0 = Debug|Win32
		{CAC2F986-1765-4B43-97A1-99D5E4F7F4F6}.Release|x64.ActiveCfg = Release|x64
		{CAC2F986-1765-4B43-97A1-99D5E4F7F4F6}.Release|x64.Build.0 = Release|x64
		{CAC2F986-1765-4B43-97A1-99D5E4F7F4F6}.Release|x86.ActiveCfg = Release|Win32
		{CAC2F986-1765-4B43-97A1-99D5E4F7F4F6}.Release|x86.Build.0 = Release|Win32
		{4EE850D1-77C3-42D4-9EB2-7765C0535106}.Debug|x64.ActiveCfg = Debug|x64
		{4EE850D1-77C3-42D4-9EB2-7765C0535106}.Debug|x64.Build.0 = Debug|x64
		{4EE850D1-77C3-42D4-9EB2-7765C0535106}.Debug|x86.ActiveCfg = Debug|Win32
		{4EE850D1-77C3-42D4-9EB2-7765C0535106}.Debug|x86.Build.0 = Debug|Win32
		{4EE850D1-77C3-42D4-9EB2-7765C0535106}.Release|x64.ActiveCfg = Release|x64
		{4EE850D1-77C3-42D4-9EB2-7765C0535106}.Release|x64.Build.0 = Release|x64
		{4EE850D1-77C3-42D4-9EB2-7765C0535106}.Release|x86.ActiveCfg = Release|Win32
		{4EE850D1-77C3-42D4-9EB2-7765C0535106}.Release|x86.Build.0 = Release|Win32
		{790CF889-CA67-427E-9B94-ED8936D206B6}.Debug|x64.ActiveCfg = Debug|x64
		{790CF889-CA67-427E-9B94-ED8936D206B6}.Debug|x64.Build.0 = Debug|x64
		{790CF889-CA67-427E-9B94-ED8936D206B6}.Debug|x86.ActiveCfg = Debug|Win32
		{790CF889-CA67-427E-9B94-ED8936D206B6}.Debug|x86.Build.0 = Debug|Win32
		{790CF889-CA67-427E-9B94-ED8936D206B6}.Release|x64.ActiveCfg = Release|x64
		{790CF889-CA67-427E-9B94-ED8936D206B6}.Release|x64.Build.0 = Release|x64
		{790CF889-CA67-427E-9B94-ED8936D206B6}.Release|x86.ActiveCfg = Release|Win32
		{790CF889-CA67-427E-9B94-ED8936D206B6}.Release|x86.Build.0 = Release|Win32
		{623F95E4-0FD8-4E75-8758-9D1F8C9A67C1}.Debug|x64.ActiveCfg = Debug|x64
		{623F95E4-0FD8-4E75-8758-9D1F8C9A67C1}.Debug|x64.Build.0 = Debug|x64
		{623F95E4-0FD8-4E75-8758-9D1F8C9A67C1}.Debug|x86.ActiveCfg = Debug|Win32
		{623F95E4-0FD8-4E75-8758-9D1F8C9A67C1}.Debug|x86.Build.0 = Debug|Win32
		{623F95E4-0FD8-4E75-8758-9D1F8C9A67C1}.Release|x64.ActiveCfg = Release|x64
		{623F95E4-0FD8-4E75-8758-9D1F8C9A67C1}.Release|x64.Build.0 = Release|x64
		{623F95E4-0FD8-4E75-8758-9D1F8C9A67C1}.Release|x86.ActiveCfg = Release|Win32
		{623F95E4-0FD8-4E75-8758-9D1F8C9A67C1}.Release|x86.Build.0 = Release|Win32
		{2713C9A4-B332-4E9C-B8B6-305A85F32CAB}.Debug|x64.ActiveCfg = Debug|x64
		{2713C9A4-B332-4E9C-B8B6-305A85F32CAB}.Debug|x64.Build.0 = Debug|x64
		{2713C9A4-B332-4E9C-B8B6-305A85F32CAB}.Debug|x86.ActiveCfg = Debug|Win32
		{2713C9A4-B332-4E9C-B8B6-305A85F32CAB}.Debug|x86.Build.0 = Debug|Win32
		{2713C9A4-B332-4E9C-B8B6-305A85F32CAB}.Release|x64.ActiveCfg = Release|x64
		{2713C9A4-B332-4E9C-B8B6-305A85F32CAB}.Release|x64.Build.0 = Release|x64
		{2713C9A4-B332-4E9C-B8B6-305A85F32CAB}.Release|x86.ActiveCfg = Release|Win32
		{2713C9A4-B332-4E9C-B8B6-305A85F32CAB}.Release|x86.Build.0 = Release|Win32
		{FC4B65B7-CEAC-4D31-8E6F-88690C606DF9}.Debug|x64.ActiveCfg = Debug|x64
		{FC4B65B7-CEAC-4D31-8E6F-88690C606DF9}.Debug|x64.Build.0 = Debug|x64
		{FC4B65B7-CEAC-4D31-8E6F-88690C606DF9}.Debug|x86.ActiveCfg = Debug|Win32
		{FC4B65B7-CEAC-4D31-8E6F-88690C606DF9}.Debug|x86.Build.0 = Debug|Win32
		{FC4B65B7-CEAC-4D31-8E6F-88690C606DF9}.Release|x64.ActiveCfg = Release|x64
		{FC4B65B7-CEAC-4D31-8E6F-88690C606DF9}.Release|x64.Build.0 = Release|x64
		{FC4B65B7-CEAC-4D31-8E6F-88690C606DF9}.Release|x86.ActiveCfg = Release|Win32
		{FC4B65B7-CEAC-4D31-8E6F-88690C606DF9}.Release|x86.Build.0 = Release|Win32
		{9B8A4597-69F3-41DF-B65E-26983B96515C}.Debug|x64.ActiveCfg = Debug|x64
		{9B8A4597-69F3-41DF-B65E-26983B96515C}.Debug|x64.Build.0 = Debug|x64
		{9B8A4597-69F3-41DF-B65E-26983B96515C}.Debug|x86.ActiveCfg = Debug|Win32
		{9B8A4597-69F3-41DF-B65E-26983B96515C}.Debug|x86.Build.0 = Debug|Win32
		{9B8A4597-69F3-41DF-B65E-26983B96515C}.Release|x64.ActiveCfg = Release|x64
		{9B8A4597-69F3-41DF-B65E-26983B96515C}.Release|x64.Build.0 = Release|x64
		{9B8A4597-69F3-41DF-B65E-26983B96515C}.Release|x86.ActiveCfg = Release|Win32
		{9B8A4597-69F3-41DF-B65E-26983B96515C}.Release|x86.Build.0 = Release|Win32
		{2E78AE7F-76BD-458E-95A9-A2058863D1C2}.Debug|x64.ActiveCfg = Debug|x64
		{2E78AE7F-76BD-458E-95A9-A2058863D1C2}.Debug|x64.Build.0 = Debug|x64
		{2E78AE7F-76BD-458E-95A9-A2058863D1C2}.Debug|x86.ActiveCfg = Debug|Win32
		{2E78AE7F-76BD-458E-95A9-A2058863D1C2}.Debug|x86.Build.0 = Debug|Win32
		{2E78AE7F-76BD-458E-95A9-A2058863D1C2}.Release|x64.ActiveCfg = Release|x64
		{2E78AE7F-76BD-458E-95A9-A2058863D1C2}.Release|x64.Build.0 = Release|x64
		{2E78AE7F-76BD-458E-95A9-A2058863D1C2}.Release|x86.ActiveCfg = Release|Win32
		{2E78AE7F-76BD-458E-95A9-A2058863D1C2}.Release|x86.Build.0 = Release|Win32
		{033BDD0A-EBED-4A7C-840B-0423AE2EC325}.Debug|x64.ActiveCfg = Debug|x64
		{033BDD0A-EBED-4A7C-840B-0423AE2EC325}.Debug|x64.Build.0 = Debug|x64
		{033BDD0A-EBED-4A7C-840B-0423AE2EC325}.Debug|x86.ActiveCfg = Debug|Win32
		{033BDD0A-EBED-4A7C-840B-0423AE2EC325}.Debug|x86.Build.0 = Debug|Win32
		{033BDD0A-EBED-4A7C-840B-0423AE2EC325}.Release|x64.ActiveCfg = Release|x64
		{033BDD0A-EBED-4A7C-840B-0423AE2EC325}.Release|x64.Build.0 = Release|x64
		{033BDD0A-EBED-4A7C-840B-0423AE2EC325}.Release|x86.ActiveCfg = Release|Win32
		{033BDD0A-EBED-4A7C-840B-0423AE2EC325}.Release|x86.Build.0 = Release|Win32
		{431598FE-4A4C-4D37-9139-7789073909F8}.Debug|x64.ActiveCfg = Debug|x64
		{431598FE-4A4C-4D37-9139-7789073909F8}.Debug|x64.Build.0 = Debug|x64
		{431598FE-4A4C-4D37-9139-7789073909F8}.Debug|x86.ActiveCfg = Debug|Win32
		{431598FE-4A4C-4D37-9139-7789073909F8}.Debug|x86.Build.0 = Debug|Win32
		{431598FE-4A4C-4D37-9139-7789073909F8}.Release|x64.ActiveCfg = Release|x64
		{431598FE-4A4C-4D37-9139-7789073909F8}.Release|x64.Build.0 = Release|x64
		{431598FE-4A4C-4D37-9139-7789073909F8}.Release|x86.ActiveCfg = Release|Win32
		{431598FE-4A4C-4D37-9139-7789073909F8}.Release|x86.Build.0 = Release|Win32
		{6D9E738F-B9F8-447C-9B75-3D155F1ADA9F}.Debug|x64.ActiveCfg = Debug|x64
		{6D9E738F-B9F8-447C-9B75-3D155F1ADA9F}.Debug|x64.Build.0 = Debug|x64
		{6D9E738F-B9F8-447C-9B75-3D155F1ADA9F}.Debug|x86.ActiveCfg = Debug|Win32
		{6D9E738F-B9F8-447C-9B75-3D155F1ADA9F}.Debug|x86.Build.0 = Debug|Win32
		{6D9E738F-B9F8-447C-9B75-3D155F1ADA9F}.Release|x64.ActiveCfg = Release|x64
		{6D9E738F-B9F8-447C-9B75-3D155F1ADA9F}.Release|x64.Build.0 = Release|x64
		{6D9E738F-B9F8-447C-9B75-3D155F1ADA9F}.Release|x86.ActiveCfg = Release|Win32
		{6D9E738F-B9F8-447C-9B75-3D155F1ADA9F}.Release|x86.Build.0 = Release|Win32
	EndGlobalSection
	GlobalSection(SolutionProperties) = preSolution
		HideSolutionNode = FALSE
	EndGlobalSection
	GlobalSection(ExtensibilityGlobals) = postSolution
		SolutionGuid = {CA386910-DBFC-4D25-A8E6-A953C8536CF9}
	EndGlobalSection
EndGlobal
